{
  "name": "Reias-Dungeon-",
  "lockfileVersion": 2,
  "requires": true,
  "packages": {
    "": {
      "dependencies": {
        "react-alice-carousel": "^2.5.1",
        "react-grid-gallery": "^0.5.5"
      }
    },
    "node_modules/@babel/runtime": {
      "version": "7.14.0",
      "resolved": "https://registry.npmjs.org/@babel/runtime/-/runtime-7.14.0.tgz",
      "integrity": "sha512-JELkvo/DlpNdJ7dlyw/eY7E0suy5i5GQH+Vlxaq1nsNJ+H7f4Vtv3jMeCEgRhZZQFXTjldYfQgv2qmM6M1v5wA==",
      "dependencies": {
        "regenerator-runtime": "^0.13.4"
      }
    },
    "node_modules/aphrodite": {
      "version": "0.5.0",
      "resolved": "https://registry.npmjs.org/aphrodite/-/aphrodite-0.5.0.tgz",
      "integrity": "sha1-pLmokCZiOV0nAucKx6K0ymbyVwM=",
      "dependencies": {
        "asap": "^2.0.3",
        "inline-style-prefixer": "^2.0.0"
      }
    },
    "node_modules/asap": {
      "version": "2.0.6",
      "resolved": "https://registry.npmjs.org/asap/-/asap-2.0.6.tgz",
      "integrity": "sha1-5QNHYR1+aQlDIIu9r+vLwvuGbUY="
    },
    "node_modules/bowser": {
      "version": "1.9.4",
      "resolved": "https://registry.npmjs.org/bowser/-/bowser-1.9.4.tgz",
      "integrity": "sha512-9IdMmj2KjigRq6oWhmwv1W36pDuA4STQZ8q6YO9um+x07xgYNCD3Oou+WP/3L1HNz7iqythGet3/p4wvc8AAwQ=="
    },
    "node_modules/dom-helpers": {
      "version": "3.4.0",
      "resolved": "https://registry.npmjs.org/dom-helpers/-/dom-helpers-3.4.0.tgz",
      "integrity": "sha512-LnuPJ+dwqKDIyotW1VzmOZ5TONUN7CwkCR5hrgawTUbkBGYdeoNLZo6nNfGkCrjtE1nXXaj7iMMpDa8/d9WoIA==",
      "dependencies": {
        "@babel/runtime": "^7.1.2"
      }
    },
    "node_modules/exenv": {
      "version": "1.2.2",
      "resolved": "https://registry.npmjs.org/exenv/-/exenv-1.2.2.tgz",
      "integrity": "sha1-KueOhdmJQVhnCwPUe+wfA72Ru50="
    },
    "node_modules/hyphenate-style-name": {
      "version": "1.0.4",
      "resolved": "https://registry.npmjs.org/hyphenate-style-name/-/hyphenate-style-name-1.0.4.tgz",
      "integrity": "sha512-ygGZLjmXfPHj+ZWh6LwbC37l43MhfztxetbFCoYTM2VjkIUpeHgSNn7QIyVFj7YQ1Wl9Cbw5sholVJPzWvC2MQ=="
    },
    "node_modules/inline-style-prefixer": {
      "version": "2.0.5",
      "resolved": "https://registry.npmjs.org/inline-style-prefixer/-/inline-style-prefixer-2.0.5.tgz",
      "integrity": "sha1-wVPH6I/YT+9cYC6VqBaLJ3BnH+c=",
      "dependencies": {
        "bowser": "^1.0.0",
        "hyphenate-style-name": "^1.0.1"
      },
      "engines": {
        "node": ">=0.12"
      }
    },
    "node_modules/js-tokens": {
      "version": "4.0.0",
      "resolved": "https://registry.npmjs.org/js-tokens/-/js-tokens-4.0.0.tgz",
      "integrity": "sha512-RdJUflcE3cUzKiMqQgsCu06FPu9UdIJO0beYbPhHN4k6apgJtifcoCtT9bcxOpYBtpD2kCM6Sbzg4CausW/PKQ=="
    },
    "node_modules/loose-envify": {
      "version": "1.4.0",
      "resolved": "https://registry.npmjs.org/loose-envify/-/loose-envify-1.4.0.tgz",
      "integrity": "sha512-lyuxPGr/Wfhrlem2CL/UcnUc1zcqKAImBDzukY7Y5F/yQiNdko6+fRLevlw1HgMySw7f611UIY408EtxRSoK3Q==",
      "dependencies": {
        "js-tokens": "^3.0.0 || ^4.0.0"
      },
      "bin": {
        "loose-envify": "cli.js"
      }
    },
    "node_modules/object-assign": {
      "version": "4.1.1",
      "resolved": "https://registry.npmjs.org/object-assign/-/object-assign-4.1.1.tgz",
      "integrity": "sha1-IQmtx5ZYh8/AXLvUQsrIv7s2CGM=",
      "engines": {
        "node": ">=0.10.0"
      }
    },
    "node_modules/prop-types": {
      "version": "15.7.2",
      "resolved": "https://registry.npmjs.org/prop-types/-/prop-types-15.7.2.tgz",
      "integrity": "sha512-8QQikdH7//R2vurIJSutZ1smHYTcLpRWEOlHnzcWHmBYrOGUysKwSsrC89BCiFj3CbrfJ/nXFdJepOVrY1GCHQ==",
      "dependencies": {
        "loose-envify": "^1.4.0",
        "object-assign": "^4.1.1",
        "react-is": "^16.8.1"
      }
    },
    "node_modules/react": {
      "version": "16.14.0",
      "resolved": "https://registry.npmjs.org/react/-/react-16.14.0.tgz",
      "integrity": "sha512-0X2CImDkJGApiAlcf0ODKIneSwBPhqJawOa5wCtKbu7ZECrmS26NvtSILynQ66cgkT/RJ4LidJOc3bUESwmU8g==",
      "peer": true,
      "dependencies": {
        "loose-envify": "^1.1.0",
        "object-assign": "^4.1.1",
        "prop-types": "^15.6.2"
      },
      "engines": {
        "node": ">=0.10.0"
      }
    },
    "node_modules/react-alice-carousel": {
      "version": "2.5.1",
      "resolved": "https://registry.npmjs.org/react-alice-carousel/-/react-alice-carousel-2.5.1.tgz",
      "integrity": "sha512-UeAd+O83TEiCxbDMMd9xAOLRr+xPNFPai9W6cNQgmIfEBgOiKDdntpTnhhwfXKoirXxQcbPlg9eG7FG9D1M4SA==",
      "dependencies": {
        "vanilla-swipe": "^2.2.0"
      },
      "peerDependencies": {
        "react": ">=15.4"
      }
    },
    "node_modules/react-dom": {
      "version": "16.14.0",
      "resolved": "https://registry.npmjs.org/react-dom/-/react-dom-16.14.0.tgz",
      "integrity": "sha512-1gCeQXDLoIqMgqD3IO2Ah9bnf0w9kzhwN5q4FGnHZ67hBm9yePzB5JJAIQCc8x3pFnNlwFq4RidZggNAAkzWWw==",
      "peer": true,
      "dependencies": {
        "loose-envify": "^1.1.0",
        "object-assign": "^4.1.1",
        "prop-types": "^15.6.2",
        "scheduler": "^0.19.1"
      },
      "peerDependencies": {
        "react": "^16.14.0"
      }
    },
    "node_modules/react-grid-gallery": {
      "version": "0.5.5",
      "resolved": "https://registry.npmjs.org/react-grid-gallery/-/react-grid-gallery-0.5.5.tgz",
      "integrity": "sha512-DkKg2/Am+VZPDG39fazelTcsZSQrfM/YllnIcWToyUEfOZcrzHxUoqCziCkuTPmCuMbHnrjidBFuDbAFgvSnvQ==",
      "dependencies": {
        "prop-types": "^15.5.8",
        "react-images": "^0.5.16"
      }
    },
    "node_modules/react-images": {
      "version": "0.5.19",
      "resolved": "https://registry.npmjs.org/react-images/-/react-images-0.5.19.tgz",
      "integrity": "sha512-B3d4W1uFJj+m17K8S65iAyEJShKGBjPk7n7N1YsPiAydEm8mIq9a6CoeQFMY1d7N2QMs6FBCjT9vELyc5jP5JA==",
      "deprecated": "This beta version is no longer supported. Please update to 1.1.0-beta.4",
      "dependencies": {
        "aphrodite": "^0.5.0",
        "prop-types": "^15.6.0",
        "react-scrolllock": "^2.0.1",
        "react-transition-group": "2"
      },
      "peerDependencies": {
        "react": "^15.0 || ^16.0",
        "react-dom": "^15.0 || ^16.0"
      }
    },
    "node_modules/react-is": {
      "version": "16.13.1",
      "resolved": "https://registry.npmjs.org/react-is/-/react-is-16.13.1.tgz",
      "integrity": "sha512-24e6ynE2H+OKt4kqsOvNd8kBpV65zoxbA4BVsEOB3ARVWQki/DHzaUoC5KuON/BiccDaCCTZBuOcfZs70kR8bQ=="
    },
    "node_modules/react-lifecycles-compat": {
      "version": "3.0.4",
      "resolved": "https://registry.npmjs.org/react-lifecycles-compat/-/react-lifecycles-compat-3.0.4.tgz",
      "integrity": "sha512-fBASbA6LnOU9dOU2eW7aQ8xmYBSXUIWr+UmF9b1efZBazGNO+rcXT/icdKnYm2pTwcRylVUYwW7H1PHfLekVzA=="
    },
    "node_modules/react-prop-toggle": {
      "version": "1.0.2",
      "resolved": "https://registry.npmjs.org/react-prop-toggle/-/react-prop-toggle-1.0.2.tgz",
      "integrity": "sha512-JmerjAXs7qJ959+d0Ygt7Cb2+4fG+n3I2VXO6JO0AcAY1vkRN/JpZKAN67CMXY889xEJcfylmMPhzvf6nWO68Q==",
      "peerDependencies": {
        "react": "^16.3.0",
        "react-dom": "^16.3.0"
      }
    },
    "node_modules/react-scrolllock": {
      "version": "2.0.7",
      "resolved": "https://registry.npmjs.org/react-scrolllock/-/react-scrolllock-2.0.7.tgz",
      "integrity": "sha512-Gzpu8+ulxdYcybAgJOFTXc70xs7SBZDQbZNpKzchZUgLCJKjz6lrgESx6LHHZgfELx1xYL4yHu3kYQGQPFas/g==",
      "dependencies": {
        "exenv": "^1.2.2",
        "react-prop-toggle": "^1.0.2"
      }
    },
    "node_modules/react-transition-group": {
      "version": "2.9.0",
      "resolved": "https://registry.npmjs.org/react-transition-group/-/react-transition-group-2.9.0.tgz",
      "integrity": "sha512-+HzNTCHpeQyl4MJ/bdE0u6XRMe9+XG/+aL4mCxVN4DnPBQ0/5bfHWPDuOZUzYdMj94daZaZdCCc1Dzt9R/xSSg==",
      "dependencies": {
        "dom-helpers": "^3.4.0",
        "loose-envify": "^1.4.0",
        "prop-types": "^15.6.2",
        "react-lifecycles-compat": "^3.0.4"
      },
      "peerDependencies": {
        "react": ">=15.0.0",
        "react-dom": ">=15.0.0"
      }
    },
    "node_modules/regenerator-runtime": {
      "version": "0.13.7",
      "resolved": "https://registry.npmjs.org/regenerator-runtime/-/regenerator-runtime-0.13.7.tgz",
      "integrity": "sha512-a54FxoJDIr27pgf7IgeQGxmqUNYrcV338lf/6gH456HZ/PhX+5BcwHXG9ajESmwe6WRO0tAzRUrRmNONWgkrew=="
    },
    "node_modules/scheduler": {
      "version": "0.19.1",
      "resolved": "https://registry.npmjs.org/scheduler/-/scheduler-0.19.1.tgz",
      "integrity": "sha512-n/zwRWRYSUj0/3g/otKDRPMh6qv2SYMWNq85IEa8iZyAv8od9zDYpGSnpBEjNgcMNq6Scbu5KfIPxNF72R/2EA==",
      "peer": true,
      "dependencies": {
        "loose-envify": "^1.1.0",
        "object-assign": "^4.1.1"
      }
    },
    "node_modules/vanilla-swipe": {
      "version": "2.3.0",
      "resolved": "https://registry.npmjs.org/vanilla-swipe/-/vanilla-swipe-2.3.0.tgz",
      "integrity": "sha512-4m8vZ/kckRG7RQUYNg+0lGILMHT08KEgwePlRLzediDSu7aQFBLB0V2n36vUmYqq5CVWASOzZ8zpnQFZXIbHbA=="
    }
  },
  "dependencies": {
    "@babel/runtime": {
      "version": "7.14.0",
      "resolved": "https://registry.npmjs.org/@babel/runtime/-/runtime-7.14.0.tgz",
      "integrity": "sha512-JELkvo/DlpNdJ7dlyw/eY7E0suy5i5GQH+Vlxaq1nsNJ+H7f4Vtv3jMeCEgRhZZQFXTjldYfQgv2qmM6M1v5wA==",
      "requires": {
        "regenerator-runtime": "^0.13.4"
      }
    },
    "aphrodite": {
      "version": "0.5.0",
      "resolved": "https://registry.npmjs.org/aphrodite/-/aphrodite-0.5.0.tgz",
      "integrity": "sha1-pLmokCZiOV0nAucKx6K0ymbyVwM=",
      "requires": {
        "asap": "^2.0.3",
        "inline-style-prefixer": "^2.0.0"
      }
    },
    "asap": {
      "version": "2.0.6",
      "resolved": "https://registry.npmjs.org/asap/-/asap-2.0.6.tgz",
      "integrity": "sha1-5QNHYR1+aQlDIIu9r+vLwvuGbUY="
    },
    "bowser": {
      "version": "1.9.4",
      "resolved": "https://registry.npmjs.org/bowser/-/bowser-1.9.4.tgz",
      "integrity": "sha512-9IdMmj2KjigRq6oWhmwv1W36pDuA4STQZ8q6YO9um+x07xgYNCD3Oou+WP/3L1HNz7iqythGet3/p4wvc8AAwQ=="
    },
    "dom-helpers": {
      "version": "3.4.0",
      "resolved": "https://registry.npmjs.org/dom-helpers/-/dom-helpers-3.4.0.tgz",
      "integrity": "sha512-LnuPJ+dwqKDIyotW1VzmOZ5TONUN7CwkCR5hrgawTUbkBGYdeoNLZo6nNfGkCrjtE1nXXaj7iMMpDa8/d9WoIA==",
      "requires": {
        "@babel/runtime": "^7.1.2"
      }
    },
    "exenv": {
      "version": "1.2.2",
      "resolved": "https://registry.npmjs.org/exenv/-/exenv-1.2.2.tgz",
      "integrity": "sha1-KueOhdmJQVhnCwPUe+wfA72Ru50="
    },
    "hyphenate-style-name": {
      "version": "1.0.4",
      "resolved": "https://registry.npmjs.org/hyphenate-style-name/-/hyphenate-style-name-1.0.4.tgz",
      "integrity": "sha512-ygGZLjmXfPHj+ZWh6LwbC37l43MhfztxetbFCoYTM2VjkIUpeHgSNn7QIyVFj7YQ1Wl9Cbw5sholVJPzWvC2MQ=="
    },
    "inline-style-prefixer": {
      "version": "2.0.5",
      "resolved": "https://registry.npmjs.org/inline-style-prefixer/-/inline-style-prefixer-2.0.5.tgz",
      "integrity": "sha1-wVPH6I/YT+9cYC6VqBaLJ3BnH+c=",
      "requires": {
        "bowser": "^1.0.0",
        "hyphenate-style-name": "^1.0.1"
      }
    },
    "js-tokens": {
      "version": "4.0.0",
      "resolved": "https://registry.npmjs.org/js-tokens/-/js-tokens-4.0.0.tgz",
      "integrity": "sha512-RdJUflcE3cUzKiMqQgsCu06FPu9UdIJO0beYbPhHN4k6apgJtifcoCtT9bcxOpYBtpD2kCM6Sbzg4CausW/PKQ=="
    },
    "loose-envify": {
      "version": "1.4.0",
      "resolved": "https://registry.npmjs.org/loose-envify/-/loose-envify-1.4.0.tgz",
      "integrity": "sha512-lyuxPGr/Wfhrlem2CL/UcnUc1zcqKAImBDzukY7Y5F/yQiNdko6+fRLevlw1HgMySw7f611UIY408EtxRSoK3Q==",
      "requires": {
        "js-tokens": "^3.0.0 || ^4.0.0"
      }
    },
    "object-assign": {
      "version": "4.1.1",
      "resolved": "https://registry.npmjs.org/object-assign/-/object-assign-4.1.1.tgz",
      "integrity": "sha1-IQmtx5ZYh8/AXLvUQsrIv7s2CGM="
    },
    "prop-types": {
      "version": "15.7.2",
      "resolved": "https://registry.npmjs.org/prop-types/-/prop-types-15.7.2.tgz",
      "integrity": "sha512-8QQikdH7//R2vurIJSutZ1smHYTcLpRWEOlHnzcWHmBYrOGUysKwSsrC89BCiFj3CbrfJ/nXFdJepOVrY1GCHQ==",
      "requires": {
        "loose-envify": "^1.4.0",
        "object-assign": "^4.1.1",
        "react-is": "^16.8.1"
      }
    },
    "react": {
      "version": "16.14.0",
      "resolved": "https://registry.npmjs.org/react/-/react-16.14.0.tgz",
      "integrity": "sha512-0X2CImDkJGApiAlcf0ODKIneSwBPhqJawOa5wCtKbu7ZECrmS26NvtSILynQ66cgkT/RJ4LidJOc3bUESwmU8g==",
      "peer": true,
      "requires": {
        "loose-envify": "^1.1.0",
        "object-assign": "^4.1.1",
        "prop-types": "^15.6.2"
      }
    },
    "react-alice-carousel": {
      "version": "2.5.1",
      "resolved": "https://registry.npmjs.org/react-alice-carousel/-/react-alice-carousel-2.5.1.tgz",
      "integrity": "sha512-UeAd+O83TEiCxbDMMd9xAOLRr+xPNFPai9W6cNQgmIfEBgOiKDdntpTnhhwfXKoirXxQcbPlg9eG7FG9D1M4SA==",
      "requires": {
        "vanilla-swipe": "^2.2.0"
      }
    },
    "react-dom": {
      "version": "16.14.0",
      "resolved": "https://registry.npmjs.org/react-dom/-/react-dom-16.14.0.tgz",
      "integrity": "sha512-1gCeQXDLoIqMgqD3IO2Ah9bnf0w9kzhwN5q4FGnHZ67hBm9yePzB5JJAIQCc8x3pFnNlwFq4RidZggNAAkzWWw==",
      "peer": true,
      "requires": {
        "loose-envify": "^1.1.0",
        "object-assign": "^4.1.1",
        "prop-types": "^15.6.2",
        "scheduler": "^0.19.1"
      }
    },
    "react-grid-gallery": {
      "version": "0.5.5",
      "resolved": "https://registry.npmjs.org/react-grid-gallery/-/react-grid-gallery-0.5.5.tgz",
      "integrity": "sha512-DkKg2/Am+VZPDG39fazelTcsZSQrfM/YllnIcWToyUEfOZcrzHxUoqCziCkuTPmCuMbHnrjidBFuDbAFgvSnvQ==",
      "requires": {
        "prop-types": "^15.5.8",
        "react-images": "^0.5.16"
      }
    },
    "react-images": {
      "version": "0.5.19",
      "resolved": "https://registry.npmjs.org/react-images/-/react-images-0.5.19.tgz",
      "integrity": "sha512-B3d4W1uFJj+m17K8S65iAyEJShKGBjPk7n7N1YsPiAydEm8mIq9a6CoeQFMY1d7N2QMs6FBCjT9vELyc5jP5JA==",
      "requires": {
        "aphrodite": "^0.5.0",
        "prop-types": "^15.6.0",
        "react-scrolllock": "^2.0.1",
        "react-transition-group": "2"
      }
    },
    "react-is": {
      "version": "16.13.1",
      "resolved": "https://registry.npmjs.org/react-is/-/react-is-16.13.1.tgz",
      "integrity": "sha512-24e6ynE2H+OKt4kqsOvNd8kBpV65zoxbA4BVsEOB3ARVWQki/DHzaUoC5KuON/BiccDaCCTZBuOcfZs70kR8bQ=="
    },
    "react-lifecycles-compat": {
      "version": "3.0.4",
      "resolved": "https://registry.npmjs.org/react-lifecycles-compat/-/react-lifecycles-compat-3.0.4.tgz",
      "integrity": "sha512-fBASbA6LnOU9dOU2eW7aQ8xmYBSXUIWr+UmF9b1efZBazGNO+rcXT/icdKnYm2pTwcRylVUYwW7H1PHfLekVzA=="
    },
    "react-prop-toggle": {
      "version": "1.0.2",
      "resolved": "https://registry.npmjs.org/react-prop-toggle/-/react-prop-toggle-1.0.2.tgz",
      "integrity": "sha512-JmerjAXs7qJ959+d0Ygt7Cb2+4fG+n3I2VXO6JO0AcAY1vkRN/JpZKAN67CMXY889xEJcfylmMPhzvf6nWO68Q==",
      "requires": {}
    },
    "react-scrolllock": {
      "version": "2.0.7",
      "resolved": "https://registry.npmjs.org/react-scrolllock/-/react-scrolllock-2.0.7.tgz",
      "integrity": "sha512-Gzpu8+ulxdYcybAgJOFTXc70xs7SBZDQbZNpKzchZUgLCJKjz6lrgESx6LHHZgfELx1xYL4yHu3kYQGQPFas/g==",
      "requires": {
        "exenv": "^1.2.2",
        "react-prop-toggle": "^1.0.2"
      }
    },
    "react-transition-group": {
      "version": "2.9.0",
      "resolved": "https://registry.npmjs.org/react-transition-group/-/react-transition-group-2.9.0.tgz",
      "integrity": "sha512-+HzNTCHpeQyl4MJ/bdE0u6XRMe9+XG/+aL4mCxVN4DnPBQ0/5bfHWPDuOZUzYdMj94daZaZdCCc1Dzt9R/xSSg==",
      "requires": {
        "dom-helpers": "^3.4.0",
        "loose-envify": "^1.4.0",
        "prop-types": "^15.6.2",
        "react-lifecycles-compat": "^3.0.4"
      }
    },
    "regenerator-runtime": {
      "version": "0.13.7",
      "resolved": "https://registry.npmjs.org/regenerator-runtime/-/regenerator-runtime-0.13.7.tgz",
      "integrity": "sha512-a54FxoJDIr27pgf7IgeQGxmqUNYrcV338lf/6gH456HZ/PhX+5BcwHXG9ajESmwe6WRO0tAzRUrRmNONWgkrew=="
    },
    "scheduler": {
      "version": "0.19.1",
      "resolved": "https://registry.npmjs.org/scheduler/-/scheduler-0.19.1.tgz",
      "integrity": "sha512-n/zwRWRYSUj0/3g/otKDRPMh6qv2SYMWNq85IEa8iZyAv8od9zDYpGSnpBEjNgcMNq6Scbu5KfIPxNF72R/2EA==",
      "peer": true,
      "requires": {
        "loose-envify": "^1.1.0",
        "object-assign": "^4.1.1"
      }
    },
    "vanilla-swipe": {
      "version": "2.3.0",
      "resolved": "https://registry.npmjs.org/vanilla-swipe/-/vanilla-swipe-2.3.0.tgz",
      "integrity": "sha512-4m8vZ/kckRG7RQUYNg+0lGILMHT08KEgwePlRLzediDSu7aQFBLB0V2n36vUmYqq5CVWASOzZ8zpnQFZXIbHbA=="
    }
  }
}
